{
    "_readme": [
        "This file locks the dependencies of your project to a known state",
        "Read more about it at https://getcomposer.org/doc/01-basic-usage.md#composer-lock-the-lock-file",
        "This file is @generated automatically"
    ],
    "content-hash": "9ceb50c6664c9e0f531a80abb9c36173",
    "packages": [
        {
            "name": "ad7six/dsn",
            "version": "0.3.1",
            "source": {
                "type": "git",
                "url": "https://github.com/AD7six/php-dsn.git",
                "reference": "649b42a6cc5878dacef8a3b41efbf72e133440c0"
            },
            "dist": {
                "type": "zip",
                "url": "https://api.github.com/repos/AD7six/php-dsn/zipball/649b42a6cc5878dacef8a3b41efbf72e133440c0",
                "reference": "649b42a6cc5878dacef8a3b41efbf72e133440c0",
                "shasum": ""
            },
            "require": {
                "php": ">=5.4.0"
            },
            "suggest": {
                "josegonzalez/dotenv": "0.1.*"
            },
            "type": "library",
            "autoload": {
                "psr-4": {
                    "AD7six\\Dsn\\": "src",
                    "AD7six\\Dsn\\Test\\": "tests"
                }
            },
            "notification-url": "https://packagist.org/downloads/",
            "license": [
                "MIT"
            ],
            "authors": [
                {
                    "name": "Andy Dawson",
                    "email": "andydawson76@gmail.com",
                    "homepage": "http://ad7six.com",
                    "role": "Maintainer"
                }
            ],
            "description": "A utility for parsing and generating service DSNs",
            "abandoned": true,
            "time": "2014-05-31T16:17:08+00:00"
        },
        {
            "name": "cakephp/cakephp",
            "version": "2.10.11",
            "source": {
                "type": "git",
                "url": "https://github.com/cakephp/cakephp.git",
                "reference": "98c7fa1c97b26097c923cd3481a8a2114e23fe4f"
            },
            "dist": {
                "type": "zip",
                "url": "https://api.github.com/repos/cakephp/cakephp/zipball/98c7fa1c97b26097c923cd3481a8a2114e23fe4f",
                "reference": "98c7fa1c97b26097c923cd3481a8a2114e23fe4f",
                "shasum": ""
            },
            "require": {
                "php": ">=5.3.0"
            },
            "require-dev": {
                "cakephp/cakephp-codesniffer": "^1.0.0",
                "phpunit/phpunit": "^3.7"
            },
            "suggest": {
                "ext-mcrypt": "You need to install ext-openssl or ext-mcrypt to use AES-256 encryption",
                "ext-openssl": "You need to install ext-openssl or ext-mcrypt to use AES-256 encryption"
            },
            "bin": [
                "lib/Cake/Console/cake"
            ],
            "type": "library",
            "notification-url": "https://packagist.org/downloads/",
            "license": [
                "MIT"
            ],
            "authors": [
                {
                    "name": "CakePHP Community",
                    "homepage": "https://github.com/cakephp/cakephp/graphs/contributors"
                }
            ],
            "description": "The CakePHP framework",
            "homepage": "https://cakephp.org",
            "keywords": [
                "framework"
            ],
            "time": "2018-07-01T19:05:15+00:00"
        },
        {
            "name": "composer/installers",
            "version": "v1.5.0",
            "source": {
                "type": "git",
                "url": "https://github.com/composer/installers.git",
                "reference": "049797d727261bf27f2690430d935067710049c2"
            },
            "dist": {
                "type": "zip",
                "url": "https://api.github.com/repos/composer/installers/zipball/049797d727261bf27f2690430d935067710049c2",
                "reference": "049797d727261bf27f2690430d935067710049c2",
                "shasum": ""
            },
            "require": {
                "composer-plugin-api": "^1.0"
            },
            "replace": {
                "roundcube/plugin-installer": "*",
                "shama/baton": "*"
            },
            "require-dev": {
                "composer/composer": "1.0.*@dev",
                "phpunit/phpunit": "^4.8.36"
            },
            "type": "composer-plugin",
            "extra": {
                "class": "Composer\\Installers\\Plugin",
                "branch-alias": {
                    "dev-master": "1.0-dev"
                }
            },
            "autoload": {
                "psr-4": {
                    "Composer\\Installers\\": "src/Composer/Installers"
                }
            },
            "notification-url": "https://packagist.org/downloads/",
            "license": [
                "MIT"
            ],
            "authors": [
                {
                    "name": "Kyle Robinson Young",
                    "email": "kyle@dontkry.com",
                    "homepage": "https://github.com/shama"
                }
            ],
            "description": "A multi-framework Composer library installer",
            "homepage": "https://composer.github.io/installers/",
            "keywords": [
                "Craft",
                "Dolibarr",
                "Eliasis",
                "Hurad",
                "ImageCMS",
                "Kanboard",
                "Lan Management System",
                "MODX Evo",
                "Mautic",
                "Maya",
                "OXID",
                "Plentymarkets",
                "Porto",
                "RadPHP",
                "SMF",
                "Thelia",
                "WolfCMS",
                "agl",
                "aimeos",
                "annotatecms",
                "attogram",
                "bitrix",
                "cakephp",
                "chef",
                "cockpit",
                "codeigniter",
                "concrete5",
                "croogo",
                "dokuwiki",
                "drupal",
                "eZ Platform",
                "elgg",
                "expressionengine",
                "fuelphp",
                "grav",
                "installer",
                "itop",
                "joomla",
                "kohana",
                "laravel",
                "lavalite",
                "lithium",
                "magento",
                "majima",
                "mako",
                "mediawiki",
                "modulework",
                "modx",
                "moodle",
                "osclass",
                "phpbb",
                "piwik",
                "ppi",
                "puppet",
                "pxcms",
                "reindex",
                "roundcube",
                "shopware",
                "silverstripe",
                "sydes",
                "symfony",
                "typo3",
                "wordpress",
                "yawik",
                "zend",
                "zikula"
            ],
            "time": "2017-12-29T09:13:20+00:00"
        },
        {
            "name": "josegonzalez/dotenv",
            "version": "1.2.2",
            "source": {
                "type": "git",
                "url": "https://github.com/josegonzalez/php-dotenv.git",
                "reference": "38a38273b7bdbe38ce0106aea373eae7a4f3125e"
            },
            "dist": {
                "type": "zip",
                "url": "https://api.github.com/repos/josegonzalez/php-dotenv/zipball/38a38273b7bdbe38ce0106aea373eae7a4f3125e",
                "reference": "38a38273b7bdbe38ce0106aea373eae7a4f3125e",
                "shasum": ""
            },
            "require": {
                "php": ">=5.3.0"
            },
            "require-dev": {
                "satooshi/php-coveralls": "1.*",
                "squizlabs/php_codesniffer": "2.*"
            },
            "type": "library",
            "autoload": {
                "psr-0": {
                    "josegonzalez\\Dotenv": [
                        "src",
                        "tests"
                    ]
                }
            },
            "notification-url": "https://packagist.org/downloads/",
            "license": [
                "MIT"
            ],
            "authors": [
                {
                    "name": "Jose Diaz-Gonzalez",
                    "email": "dotenv@josegonzalez.com",
                    "homepage": "http://josediazgonzalez.com",
                    "role": "Maintainer"
                }
            ],
            "description": "dotenv file parsing for PHP",
            "homepage": "https://github.com/josegonzalez/php-dotenv",
            "keywords": [
                "configuration",
                "dotenv",
                "php"
            ],
            "time": "2016-01-07T07:13:27+00:00"
        }
    ],
    "packages-dev": [
        {
            "name": "cakephp/debug_kit",
            "version": "2.2.8",
            "source": {
                "type": "git",
                "url": "https://github.com/cakephp/debug_kit.git",
                "reference": "c864f21add2cd0d0c4e58b5d6c68a8016b1a3235"
            },
            "dist": {
                "type": "zip",
                "url": "https://api.github.com/repos/cakephp/debug_kit/zipball/c864f21add2cd0d0c4e58b5d6c68a8016b1a3235",
                "reference": "c864f21add2cd0d0c4e58b5d6c68a8016b1a3235",
                "shasum": ""
            },
            "require": {
                "composer/installers": "^1.0.0",
                "php": ">=5.3.0"
            },
            "require-dev": {
                "cakephp/cakephp-codesniffer": "^1.0.0"
            },
            "type": "cakephp-plugin",
            "extra": {
                "branch-alias": {
                    "dev-master": "2.2.x-dev"
                },
                "installer-name": "DebugKit"
            },
            "notification-url": "https://packagist.org/downloads/",
            "license": [
                "MIT"
            ],
            "authors": [
                {
                    "name": "Mark Story",
                    "homepage": "http://mark-story.com",
                    "role": "Author"
                },
                {
                    "name": "CakePHP Community",
                    "homepage": "https://github.com/cakephp/debug_kit/graphs/contributors"
                }
            ],
            "description": "CakePHP Debug Kit",
            "homepage": "https://github.com/cakephp/debug_kit",
            "keywords": [
                "cakephp",
                "debug",
                "kit"
            ],
            "time": "2018-04-18T01:39:58+00:00"
        }
    ],
    "aliases": [],
    "minimum-stability": "dev",
    "stability-flags": [],
    "prefer-stable": false,
    "prefer-lowest": false,
    "platform": {
        "php": ">=5.4"
    },
    "platform-dev": []
}
